
Microsoft Visual Studio Solution File, Format Version 12.00
# Visual Studio 2013
VisualStudioVersion = 12.0.31101.0
MinimumVisualStudioVersion = 10.0.40219.1
Project("{FAE04EC0-301F-11D3-BF4B-00C04F79EFBC}") = "CommandLineLexing", "CommandLineLexing\CommandLineLexing.csproj", "{1F1BD256-5BD8-4F82-8BB0-89B6AF6FF584}"
EndProject
Project("{FAE04EC0-301F-11D3-BF4B-00C04F79EFBC}") = "CommandLineLexingUnitTests", "CommandLineLexingUnitTests\CommandLineLexingUnitTests.csproj", "{6BADC374-531C-4DBB-B1BD-B8104176CFF7}"
EndProject
Project("{FAE04EC0-301F-11D3-BF4B-00C04F79EFBC}") = "Utilities", "Utilities\Utilities.csproj", "{7A15553B-6938-449E-BC9E-EE318A4743C6}"
EndProject
Project("{FAE04EC0-301F-11D3-BF4B-00C04F79EFBC}") = "UtilitiesUnitTests", "UtilitiesUnitTests\UtilitiesUnitTests.csproj", "{E1A783CD-E9AE-443B-9382-BC268F00B72D}"
EndProject
Global
	GlobalSection(SolutionConfigurationPlatforms) = preSolution
		Debug|Any CPU = Debug|Any CPU
		Release|Any CPU = Release|Any CPU
	EndGlobalSection
	GlobalSection(ProjectConfigurationPlatforms) = postSolution
		{1F1BD256-5BD8-4F82-8BB0-89B6AF6FF584}.Debug|Any CPU.ActiveCfg = Debug|Any CPU
		{1F1BD256-5BD8-4F82-8BB0-89B6AF6FF584}.Debug|Any CPU.Build.0 = Debug|Any CPU
		{1F1BD256-5BD8-4F82-8BB0-89B6AF6FF584}.Release|Any CPU.ActiveCfg = Release|Any CPU
		{1F1BD256-5BD8-4F82-8BB0-89B6AF6FF584}.Release|Any CPU.Build.0 = Release|Any CPU
		{6BADC374-531C-4DBB-B1BD-B8104176CFF7}.Debug|Any CPU.ActiveCfg = Debug|Any CPU
		{6BADC374-531C-4DBB-B1BD-B8104176CFF7}.Debug|Any CPU.Build.0 = Debug|Any CPU
		{6BADC374-531C-4DBB-B1BD-B8104176CFF7}.Release|Any CPU.ActiveCfg = Release|Any CPU
		{6BADC374-531C-4DBB-B1BD-B8104176CFF7}.Release|Any CPU.Build.0 = Release|Any CPU
		{7A15553B-6938-449E-BC9E-EE318A4743C6}.Debug|Any CPU.ActiveCfg = Debug|Any CPU
		{7A15553B-6938-449E-BC9E-EE318A4743C6}.Debug|Any CPU.Build.0 = Debug|Any CPU
		{7A15553B-6938-449E-BC9E-EE318A4743C6}.Release|Any CPU.ActiveCfg = Release|Any CPU
		{7A15553B-6938-449E-BC9E-EE318A4743C6}.Release|Any CPU.Build.0 = Release|Any CPU
		{E1A783CD-E9AE-443B-9382-BC268F00B72D}.Debug|Any CPU.ActiveCfg = Debug|Any CPU
		{E1A783CD-E9AE-443B-9382-BC268F00B72D}.Debug|Any CPU.Build.0 = Debug|Any CPU
		{E1A783CD-E9AE-443B-9382-BC268F00B72D}.Release|Any CPU.ActiveCfg = Release|Any CPU
		{E1A783CD-E9AE-443B-9382-BC268F00B72D}.Release|Any CPU.Build.0 = Release|Any CPU
	EndGlobalSection
	GlobalSection(SolutionProperties) = preSolution
		HideSolutionNode = FALSE
	EndGlobalSection
EndGlobal
